
Microsoft Visual Studio Solution File, Format Version 12.00
# Visual Studio Version 16
VisualStudioVersion = 16.0.32630.194
MinimumVisualStudioVersion = 10.0.40219.1
Project("{FAE04EC0-301F-11D3-BF4B-00C04F79EFBC}") = "CalendarApp", "CalendarApp.csproj", "{6F540742-B462-43A1-875E-B42BD91125BC}"
EndProject
Global
	GlobalSection(SolutionConfigurationPlatforms) = preSolution
		Debug|Any CPU = Debug|Any CPU
		Release|Any CPU = Release|Any CPU
	EndGlobalSection
	GlobalSection(ProjectConfigurationPlatforms) = postSolution
		{6F540742-B462-43A1-875E-B42BD91125BC}.Debug|Any CPU.ActiveCfg = Debug|Any CPU
		{6F540742-B462-43A1-875E-B42BD91125BC}.Debug|Any CPU.Build.0 = Debug|Any CPU
		{6F540742-B462-43A1-875E-B42BD91125BC}.Release|Any CPU.ActiveCfg = Release|Any CPU
		{6F540742-B462-43A1-875E-B42BD91125BC}.Release|Any CPU.Build.0 = Release|Any CPU
	EndGlobalSection
	GlobalSection(SolutionProperties) = preSolution
		HideSolutionNode = FALSE
	EndGlobalSection
	GlobalSection(ExtensibilityGlobals) = postSolution
		SolutionGuid = {FF319253-3F09-42EF-BB1D-5354E9ED4372}
	EndGlobalSection
EndGlobal
